
Microsoft Visual Studio Solution File, Format Version 12.00
# Visual Studio Version 16
VisualStudioVersion = 25.0.1706.2
MinimumVisualStudioVersion = 10.0.40219.1
Project("{FAE04EC0-301F-11D3-BF4B-00C04F79EFBC}") = "random", "random\random.csproj", "{22192766-CD08-4CE7-A622-1D8480F1A64B}"
EndProject
Global
	GlobalSection(SolutionConfigurationPlatforms) = preSolution
		Debug|Any CPU = Debug|Any CPU
		Release|Any CPU = Release|Any CPU
	EndGlobalSection
	GlobalSection(ProjectConfigurationPlatforms) = postSolution
		{22192766-CD08-4CE7-A622-1D8480F1A64B}.Debug|Any CPU.ActiveCfg = Debug|Any CPU
		{22192766-CD08-4CE7-A622-1D8480F1A64B}.Debug|Any CPU.Build.0 = Debug|Any CPU
		{22192766-CD08-4CE7-A622-1D8480F1A64B}.Release|Any CPU.ActiveCfg = Release|Any CPU
		{22192766-CD08-4CE7-A622-1D8480F1A64B}.Release|Any CPU.Build.0 = Release|Any CPU
	EndGlobalSection
	GlobalSection(SolutionProperties) = preSolution
		HideSolutionNode = FALSE
	EndGlobalSection
	GlobalSection(ExtensibilityGlobals) = postSolution
		SolutionGuid = {6BDB9B9C-639F-413F-9518-A238C270FA40}
	EndGlobalSection
EndGlobal
